// !$*UTF8*$!
{
	archiveVersion = 1;
	classes = {
	};
	objectVersion = 46;
	objects = {

/* Begin PBXBuildFile section */
		CCE1F7ED1C2B8A4B00E17523 /* main.m in Sources */ = {isa = PBXBuildFile; fileRef = CCE1F7EC1C2B8A4B00E17523 /* main.m */; };
		CCE1F7F01C2B8A4B00E17523 /* AppDelegate.m in Sources */ = {isa = PBXBuildFile; fileRef = CCE1F7EF1C2B8A4B00E17523 /* AppDelegate.m */; };
		CCE1F7F31C2B8A4B00E17523 /* ViewController.m in Sources */ = {isa = PBXBuildFile; fileRef = CCE1F7F21C2B8A4B00E17523 /* ViewController.m */; };
		CCE1F7F61C2B8A4B00E17523 /* Main.storyboard in Resources */ = {isa = PBXBuildFile; fileRef = CCE1F7F41C2B8A4B00E17523 /* Main.storyboard */; };
		CCE1F7F81C2B8A4B00E17523 /* Assets.xcassets in Resources */ = {isa = PBXBuildFile; fileRef = CCE1F7F71C2B8A4B00E17523 /* Assets.xcassets */; };
		CCE1F7FB1C2B8A4B00E17523 /* LaunchScreen.storyboard in Resources */ = {isa = PBXBuildFile; fileRef = CCE1F7F91C2B8A4B00E17523 /* LaunchScreen.storyboard */; };
		CCE1F8061C2B8A4C00E17523 /* _1_sandboxTests.m in Sources */ = {isa = PBXBuildFile; fileRef = CCE1F8051C2B8A4C00E17523 /* _1_sandboxTests.m */; };
		CCE1F8111C2B8A4C00E17523 /* _1_sandboxUITests.m in Sources */ = {isa = PBXBuildFile; fileRef = CCE1F8101C2B8A4C00E17523 /* _1_sandboxUITests.m */; };
/* End PBXBuildFile section */

/* Begin PBXContainerItemProxy section */
		CCE1F8021C2B8A4B00E17523 /* PBXContainerItemProxy */ = {
			isa = PBXContainerItemProxy;
			containerPortal = CCE1F7E01C2B8A4B00E17523 /* Project object */;
			proxyType = 1;
			remoteGlobalIDString = CCE1F7E71C2B8A4B00E17523;
			remoteInfo = "01-sandbox";
		};
		CCE1F80D1C2B8A4C00E17523 /* PBXContainerItemProxy */ = {
			isa = PBXContainerItemProxy;
			containerPortal = CCE1F7E01C2B8A4B00E17523 /* Project object */;
			proxyType = 1;
			remoteGlobalIDString = CCE1F7E71C2B8A4B00E17523;
			remoteInfo = "01-sandbox";
		};
/* End PBXContainerItemProxy section */

/* Begin PBXFileReference section */
		CCE1F7E81C2B8A4B00E17523 /* 01-sandbox.app */ = {isa = PBXFileReference; explicitFileType = wrapper.application; includeInIndex = 0; path = "01-sandbox.app"; sourceTree = BUILT_PRODUCTS_DIR; };
		CCE1F7EC1C2B8A4B00E17523 /* main.m */ = {isa = PBXFileReference; lastKnownFileType = sourcecode.c.objc; path = main.m; sourceTree = "<group>"; };
		CCE1F7EE1C2B8A4B00E17523 /* AppDelegate.h */ = {isa = PBXFileReference; lastKnownFileType = sourcecode.c.h; path = AppDelegate.h; sourceTree = "<group>"; };
		CCE1F7EF1C2B8A4B00E17523 /* AppDelegate.m */ = {isa = PBXFileReference; lastKnownFileType = sourcecode.c.objc; path = AppDelegate.m; sourceTree = "<group>"; };
		CCE1F7F11C2B8A4B00E17523 /* ViewController.h */ = {isa = PBXFileReference; lastKnownFileType = sourcecode.c.h; path = ViewController.h; sourceTree = "<group>"; };
		CCE1F7F21C2B8A4B00E17523 /* ViewController.m */ = {isa = PBXFileReference; lastKnownFileType = sourcecode.c.objc; path = ViewController.m; sourceTree = "<group>"; };
		CCE1F7F51C2B8A4B00E17523 /* Base */ = {isa = PBXFileReference; lastKnownFileType = file.storyboard; name = Base; path = Base.lproj/Main.storyboard; sourceTree = "<group>"; };
		CCE1F7F71C2B8A4B00E17523 /* Assets.xcassets */ = {isa = PBXFileReference; lastKnownFileType = folder.assetcatalog; path = Assets.xcassets; sourceTree = "<group>"; };
		CCE1F7FA1C2B8A4B00E17523 /* Base */ = {isa = PBXFileReference; lastKnownFileType = file.storyboard; name = Base; path = Base.lproj/LaunchScreen.storyboard; sourceTree = "<group>"; };
		CCE1F7FC1C2B8A4B00E17523 /* Info.plist */ = {isa = PBXFileReference; lastKnownFileType = text.plist.xml; path = Info.plist; sourceTree = "<group>"; };
		CCE1F8011C2B8A4B00E17523 /* 01-sandboxTests.xctest */ = {isa = PBXFileReference; explicitFileType = wrapper.cfbundle; includeInIndex = 0; path = "01-sandboxTests.xctest"; sourceTree = BUILT_PRODUCTS_DIR; };
		CCE1F8051C2B8A4C00E17523 /* _1_sandboxTests.m */ = {isa = PBXFileReference; lastKnownFileType = sourcecode.c.objc; path = _1_sandboxTests.m; sourceTree = "<group>"; };
		CCE1F8071C2B8A4C00E17523 /* Info.plist */ = {isa = PBXFileReference; lastKnownFileType = text.plist.xml; path = Info.plist; sourceTree = "<group>"; };
		CCE1F80C1C2B8A4C00E17523 /* 01-sandboxUITests.xctest */ = {isa = PBXFileReference; explicitFileType = wrapper.cfbundle; includeInIndex = 0; path = "01-sandboxUITests.xctest"; sourceTree = BUILT_PRODUCTS_DIR; };
		CCE1F8101C2B8A4C00E17523 /* _1_sandboxUITests.m */ = {isa = PBXFileReference; lastKnownFileType = sourcecode.c.objc; path = _1_sandboxUITests.m; sourceTree = "<group>"; };
		CCE1F8121C2B8A4C00E17523 /* Info.plist */ = {isa = PBXFileReference; lastKnownFileType = text.plist.xml; path = Info.plist; sourceTree = "<group>"; };
/* End PBXFileReference section */

/* Begin PBXFrameworksBuildPhase section */
		CCE1F7E51C2B8A4B00E17523 /* Frameworks */ = {
			isa = PBXFrameworksBuildPhase;
			buildActionMask = 2147483647;
			files = (
			);
			runOnlyForDeploymentPostprocessing = 0;
		};
		CCE1F7FE1C2B8A4B00E17523 /* Frameworks */ = {
			isa = PBXFrameworksBuildPhase;
			buildActionMask = 2147483647;
			files = (
			);
			runOnlyForDeploymentPostprocessing = 0;
		};
		CCE1F8091C2B8A4C00E17523 /* Frameworks */ = {
			isa = PBXFrameworksBuildPhase;
			buildActionMask = 2147483647;
			files = (
			);
			runOnlyForDeploymentPostprocessing = 0;
		};
/* End PBXFrameworksBuildPhase section */

/* Begin PBXGroup section */
		CCE1F7DF1C2B8A4B00E17523 = {
			isa = PBXGroup;
			children = (
				CCE1F7EA1C2B8A4B00E17523 /* 01-sandbox */,
				CCE1F8041C2B8A4B00E17523 /* 01-sandboxTests */,
				CCE1F80F1C2B8A4C00E17523 /* 01-sandboxUITests */,
				CCE1F7E91C2B8A4B00E17523 /* Products */,
			);
			sourceTree = "<group>";
		};
		CCE1F7E91C2B8A4B00E17523 /* Products */ = {
			isa = PBXGroup;
			children = (
				CCE1F7E81C2B8A4B00E17523 /* 01-sandbox.app */,
				CCE1F8011C2B8A4B00E17523 /* 01-sandboxTests.xctest */,
				CCE1F80C1C2B8A4C00E17523 /* 01-sandboxUITests.xctest */,
			);
			name = Products;
			sourceTree = "<group>";
		};
		CCE1F7EA1C2B8A4B00E17523 /* 01-sandbox */ = {
			isa = PBXGroup;
			children = (
				CCE1F7EE1C2B8A4B00E17523 /* AppDelegate.h */,
				CCE1F7EF1C2B8A4B00E17523 /* AppDelegate.m */,
				CCE1F7F11C2B8A4B00E17523 /* ViewController.h */,
				CCE1F7F21C2B8A4B00E17523 /* ViewController.m */,
				CCE1F7F41C2B8A4B00E17523 /* Main.storyboard */,
				CCE1F7F71C2B8A4B00E17523 /* Assets.xcassets */,
				CCE1F7F91C2B8A4B00E17523 /* LaunchScreen.storyboard */,
				CCE1F7FC1C2B8A4B00E17523 /* Info.plist */,
				CCE1F7EB1C2B8A4B00E17523 /* Supporting Files */,
			);
			path = "01-sandbox";
			sourceTree = "<group>";
		};
		CCE1F7EB1C2B8A4B00E17523 /* Supporting Files */ = {
			isa = PBXGroup;
			children = (
				CCE1F7EC1C2B8A4B00E17523 /* main.m */,
			);
			name = "Supporting Files";
			sourceTree = "<group>";
		};
		CCE1F8041C2B8A4B00E17523 /* 01-sandboxTests */ = {
			isa = PBXGroup;
			children = (
				CCE1F8051C2B8A4C00E17523 /* _1_sandboxTests.m */,
				CCE1F8071C2B8A4C00E17523 /* Info.plist */,
			);
			path = "01-sandboxTests";
			sourceTree = "<group>";
		};
		CCE1F80F1C2B8A4C00E17523 /* 01-sandboxUITests */ = {
			isa = PBXGroup;
			children = (
				CCE1F8101C2B8A4C00E17523 /* _1_sandboxUITests.m */,
				CCE1F8121C2B8A4C00E17523 /* Info.plist */,
			);
			path = "01-sandboxUITests";
			sourceTree = "<group>";
		};
/* End PBXGroup section */

/* Begin PBXNativeTarget section */
		CCE1F7E71C2B8A4B00E17523 /* 01-sandbox */ = {
			isa = PBXNativeTarget;
			buildConfigurationList = CCE1F8151C2B8A4C00E17523 /* Build configuration list for PBXNativeTarget "01-sandbox" */;
			buildPhases = (
				CCE1F7E41C2B8A4B00E17523 /* Sources */,
				CCE1F7E51C2B8A4B00E17523 /* Frameworks */,
				CCE1F7E61C2B8A4B00E17523 /* Resources */,
			);
			buildRules = (
			);
			dependencies = (
			);
			name = "01-sandbox";
			productName = "01-sandbox";
			productReference = CCE1F7E81C2B8A4B00E17523 /* 01-sandbox.app */;
			productType = "com.apple.product-type.application";
		};
		CCE1F8001C2B8A4B00E17523 /* 01-sandboxTests */ = {
			isa = PBXNativeTarget;
			buildConfigurationList = CCE1F8181C2B8A4C00E17523 /* Build configuration list for PBXNativeTarget "01-sandboxTests" */;
			buildPhases = (
				CCE1F7FD1C2B8A4B00E17523 /* Sources */,
				CCE1F7FE1C2B8A4B00E17523 /* Frameworks */,
				CCE1F7FF1C2B8A4B00E17523 /* Resources */,
			);
			buildRules = (
			);
			dependencies = (
				CCE1F8031C2B8A4B00E17523 /* PBXTargetDependency */,
			);
			name = "01-sandboxTests";
			productName = "01-sandboxTests";
			productReference = CCE1F8011C2B8A4B00E17523 /* 01-sandboxTests.xctest */;
			productType = "com.apple.product-type.bundle.unit-test";
		};
		CCE1F80B1C2B8A4C00E17523 /* 01-sandboxUITests */ = {
			isa = PBXNativeTarget;
			buildConfigurationList = CCE1F81B1C2B8A4C00E17523 /* Build configuration list for PBXNativeTarget "01-sandboxUITests" */;
			buildPhases = (
				CCE1F8081C2B8A4C00E17523 /* Sources */,
				CCE1F8091C2B8A4C00E17523 /* Frameworks */,
				CCE1F80A1C2B8A4C00E17523 /* Resources */,
			);
			buildRules = (
			);
			dependencies = (
				CCE1F80E1C2B8A4C00E17523 /* PBXTargetDependency */,
			);
			name = "01-sandboxUITests";
			productName = "01-sandboxUITests";
			productReference = CCE1F80C1C2B8A4C00E17523 /* 01-sandboxUITests.xctest */;
			productType = "com.apple.product-type.bundle.ui-testing";
		};
/* End PBXNativeTarget section */

/* Begin PBXProject section */
		CCE1F7E01C2B8A4B00E17523 /* Project object */ = {
			isa = PBXProject;
			attributes = {
				LastUpgradeCheck = 0720;
				ORGANIZATIONNAME = qingyun;
				TargetAttributes = {
					CCE1F7E71C2B8A4B00E17523 = {
						CreatedOnToolsVersion = 7.2;
					};
					CCE1F8001C2B8A4B00E17523 = {
						CreatedOnToolsVersion = 7.2;
						TestTargetID = CCE1F7E71C2B8A4B00E17523;
					};
					CCE1F80B1C2B8A4C00E17523 = {
						CreatedOnToolsVersion = 7.2;
						TestTargetID = CCE1F7E71C2B8A4B00E17523;
					};
				};
			};
			buildConfigurationList = CCE1F7E31C2B8A4B00E17523 /* Build configuration list for PBXProject "01-sandbox" */;
			compatibilityVersion = "Xcode 3.2";
			developmentRegion = English;
			hasScannedForEncodings = 0;
			knownRegions = (
				en,
				Base,
			);
			mainGroup = CCE1F7DF1C2B8A4B00E17523;
			productRefGroup = CCE1F7E91C2B8A4B00E17523 /* Products */;
			projectDirPath = "";
			projectRoot = "";
			targets = (
				CCE1F7E71C2B8A4B00E17523 /* 01-sandbox */,
				CCE1F8001C2B8A4B00E17523 /* 01-sandboxTests */,
				CCE1F80B1C2B8A4C00E17523 /* 01-sandboxUITests */,
			);
		};
/* End PBXProject section */

/* Begin PBXResourcesBuildPhase section */
		CCE1F7E61C2B8A4B00E17523 /* Resources */ = {
			isa = PBXResourcesBuildPhase;
			buildActionMask = 2147483647;
			files = (
				CCE1F7FB1C2B8A4B00E17523 /* LaunchScreen.storyboard in Resources */,
				CCE1F7F81C2B8A4B00E17523 /* Assets.xcassets in Resources */,
				CCE1F7F61C2B8A4B00E17523 /* Main.storyboard in Resources */,
			);
			runOnlyForDeploymentPostprocessing = 0;
		};
		CCE1F7FF1C2B8A4B00E17523 /* Resources */ = {
			isa = PBXResourcesBuildPhase;
			buildActionMask = 2147483647;
			files = (
			);
			runOnlyForDeploymentPostprocessing = 0;
		};
		CCE1F80A1C2B8A4C00E17523 /* Resources */ = {
			isa = PBXResourcesBuildPhase;
			buildActionMask = 2147483647;
			files = (
			);
			runOnlyForDeploymentPostprocessing = 0;
		};
/* End PBXResourcesBuildPhase section */

/* Begin PBXSourcesBuildPhase section */
		CCE1F7E41C2B8A4B00E17523 /* Sources */ = {
			isa = PBXSourcesBuildPhase;
			buildActionMask = 2147483647;
			files = (
				CCE1F7F31C2B8A4B00E17523 /* ViewController.m in Sources */,
				CCE1F7F01C2B8A4B00E17523 /* AppDelegate.m in Sources */,
				CCE1F7ED1C2B8A4B00E17523 /* main.m in Sources */,
			);
			runOnlyForDeploymentPostprocessing = 0;
		};
		CCE1F7FD1C2B8A4B00E17523 /* Sources */ = {
			isa = PBXSourcesBuildPhase;
			buildActionMask = 2147483647;
			files = (
				CCE1F8061C2B8A4C00E17523 /* _1_sandboxTests.m in Sources */,
			);
			runOnlyForDeploymentPostprocessing = 0;
		};
		CCE1F8081C2B8A4C00E17523 /* Sources */ = {
			isa = PBXSourcesBuildPhase;
			buildActionMask = 2147483647;
			files = (
				CCE1F8111C2B8A4C00E17523 /* _1_sandboxUITests.m in Sources */,
			);
			runOnlyForDeploymentPostprocessing = 0;
		};
/* End PBXSourcesBuildPhase section */

/* Begin PBXTargetDependency section */
		CCE1F8031C2B8A4B00E17523 /* PBXTargetDependency */ = {
			isa = PBXTargetDependency;
			target = CCE1F7E71C2B8A4B00E17523 /* 01-sandbox */;
			targetProxy = CCE1F8021C2B8A4B00E17523 /* PBXContainerItemProxy */;
		};
		CCE1F80E1C2B8A4C00E17523 /* PBXTargetDependency */ = {
			isa = PBXTargetDependency;
			target = CCE1F7E71C2B8A4B00E17523 /* 01-sandbox */;
			targetProxy = CCE1F80D1C2B8A4C00E17523 /* PBXContainerItemProxy */;
		};
/* End PBXTargetDependency section */

/* Begin PBXVariantGroup section */
		CCE1F7F41C2B8A4B00E17523 /* Main.storyboard */ = {
			isa = PBXVariantGroup;
			children = (
				CCE1F7F51C2B8A4B00E17523 /* Base */,
			);
			name = Main.storyboard;
			sourceTree = "<group>";
		};
		CCE1F7F91C2B8A4B00E17523 /* LaunchScreen.storyboard */ = {
			isa = PBXVariantGroup;
			children = (
				CCE1F7FA1C2B8A4B00E17523 /* Base */,
			);
			name = LaunchScreen.storyboard;
			sourceTree = "<group>";
		};
/* End PBXVariantGroup section */

/* Begin XCBuildConfiguration section */
		CCE1F8131C2B8A4C00E17523 /* Debug */ = {
			isa = XCBuildConfiguration;
			buildSettings = {
				ALWAYS_SEARCH_USER_PATHS = NO;
				CLANG_CXX_LANGUAGE_STANDARD = "gnu++0x";
				CLANG_CXX_LIBRARY = "libc++";
				CLANG_ENABLE_MODULES = YES;
				CLANG_ENABLE_OBJC_ARC = YES;
				CLANG_WARN_BOOL_CONVERSION = YES;
				CLANG_WARN_CONSTANT_CONVERSION = YES;
				CLANG_WARN_DIRECT_OBJC_ISA_USAGE = YES_ERROR;
				CLANG_WARN_EMPTY_BODY = YES;
				CLANG_WARN_ENUM_CONVERSION = YES;
				CLANG_WARN_INT_CONVERSION = YES;
				CLANG_WARN_OBJC_ROOT_CLASS = YES_ERROR;
				CLANG_WARN_UNREACHABLE_CODE = YES;
				CLANG_WARN__DUPLICATE_METHOD_MATCH = YES;
				"CODE_SIGN_IDENTITY[sdk=iphoneos*]" = "iPhone Developer";
				COPY_PHASE_STRIP = NO;
				DEBUG_INFORMATION_FORMAT = dwarf;
				ENABLE_STRICT_OBJC_MSGSEND = YES;
				ENABLE_TESTABILITY = YES;
				GCC_C_LANGUAGE_STANDARD = gnu99;
				GCC_DYNAMIC_NO_PIC = NO;
				GCC_NO_COMMON_BLOCKS = YES;
				GCC_OPTIMIZATION_LEVEL = 0;
				GCC_PREPROCESSOR_DEFINITIONS = (
					"DEBUG=1",
					"$(inherited)",
				);
				GCC_WARN_64_TO_32_BIT_CONVERSION = YES;
				GCC_WARN_ABOUT_RETURN_TYPE = YES_ERROR;
				GCC_WARN_UNDECLARED_SELECTOR = YES;
				GCC_WARN_UNINITIALIZED_AUTOS = YES_AGGRESSIVE;
				GCC_WARN_UNUSED_FUNCTION = YES;
				GCC_WARN_UNUSED_VARIABLE = YES;
				IPHONEOS_DEPLOYMENT_TARGET = 9.2;
				MTL_ENABLE_DEBUG_INFO = YES;
				ONLY_ACTIVE_ARCH = YES;
				SDKROOT = iphoneos;
			};
			name = Debug;
		};
		CCE1F8141C2B8A4C00E17523 /* Release */ = {
			isa = XCBuildConfiguration;
			buildSettings = {
				ALWAYS_SEARCH_USER_PATHS = NO;
				CLANG_CXX_LANGUAGE_STANDARD = "gnu++0x";
				CLANG_CXX_LIBRARY = "libc++";
				CLANG_ENABLE_MODULES = YES;
				CLANG_ENABLE_OBJC_ARC = YES;
				CLANG_WARN_BOOL_CONVERSION = YES;
				CLANG_WARN_CONSTANT_CONVERSION = YES;
				CLANG_WARN_DIRECT_OBJC_ISA_USAGE = YES_ERROR;
				CLANG_WARN_EMPTY_BODY = YES;
				CLANG_WARN_ENUM_CONVERSION = YES;
				CLANG_WARN_INT_CONVERSION = YES;
				CLANG_WARN_OBJC_ROOT_CLASS = YES_ERROR;
				CLANG_WARN_UNREACHABLE_CODE = YES;
				CLANG_WARN__DUPLICATE_METHOD_MATCH = YES;
				"CODE_SIGN_IDENTITY[sdk=iphoneos*]" = "iPhone Developer";
				COPY_PHASE_STRIP = NO;
				DEBUG_INFORMATION_FORMAT = "dwarf-with-dsym";
				ENABLE_NS_ASSERTIONS = NO;
				ENABLE_STRICT_OBJC_MSGSEND = YES;
				GCC_C_LANGUAGE_STANDARD = gnu99;
				GCC_NO_COMMON_BLOCKS = YES;
				GCC_WARN_64_TO_32_BIT_CONVERSION = YES;
				GCC_WARN_ABOUT_RETURN_TYPE = YES_ERROR;
				GCC_WARN_UNDECLARED_SELECTOR = YES;
				GCC_WARN_UNINITIALIZED_AUTOS = YES_AGGRESSIVE;
				GCC_WARN_UNUSED_FUNCTION = YES;
				GCC_WARN_UNUSED_VARIABLE = YES;
				IPHONEOS_DEPLOYMENT_TARGET = 9.2;
				MTL_ENABLE_DEBUG_INFO = NO;
				SDKROOT = iphoneos;
				VALIDATE_PRODUCT = YES;
			};
			name = Release;
		};
		CCE1F8161C2B8A4C00E17523 /* Debug */ = {
			isa = XCBuildConfiguration;
			buildSettings = {
				ASSETCATALOG_COMPILER_APPICON_NAME = AppIcon;
				INFOPLIST_FILE = "01-sandbox/Info.plist";
				LD_RUNPATH_SEARCH_PATHS = "$(inherited) @executable_path/Frameworks";
				PRODUCT_BUNDLE_IDENTIFIER = "com.hnqingyun.-1-sandbox";
				PRODUCT_NAME = "$(TARGET_NAME)";
			};
			name = Debug;
		};
		CCE1F8171C2B8A4C00E17523 /* Release */ = {
			isa = XCBuildConfiguration;
			buildSettings = {
				ASSETCATALOG_COMPILER_APPICON_NAME = AppIcon;
				INFOPLIST_FILE = "01-sandbox/Info.plist";
				LD_RUNPATH_SEARCH_PATHS = "$(inherited) @executable_path/Frameworks";
				PRODUCT_BUNDLE_IDENTIFIER = "com.hnqingyun.-1-sandbox";
				PRODUCT_NAME = "$(TARGET_NAME)";
			};
			name = Release;
		};
		CCE1F8191C2B8A4C00E17523 /* Debug */ = {
			isa = XCBuildConfiguration;
			buildSettings = {
				BUNDLE_LOADER = "$(TEST_HOST)";
				INFOPLIST_FILE = "01-sandboxTests/Info.plist";
				LD_RUNPATH_SEARCH_PATHS = "$(inherited) @executable_path/Frameworks @loader_path/Frameworks";
				PRODUCT_BUNDLE_IDENTIFIER = "com.hnqingyun.-1-sandboxTests";
				PRODUCT_NAME = "$(TARGET_NAME)";
				TEST_HOST = "$(BUILT_PRODUCTS_DIR)/01-sandbox.app/01-sandbox";
			};
			name = Debug;
		};
		CCE1F81A1C2B8A4C00E17523 /* Release */ = {
			isa = XCBuildConfiguration;
			buildSettings = {
				BUNDLE_LOADER = "$(TEST_HOST)";
				INFOPLIST_FILE = "01-sandboxTests/Info.plist";
				LD_RUNPATH_SEARCH_PATHS = "$(inherited) @executable_path/Frameworks @loader_path/Frameworks";
				PRODUCT_BUNDLE_IDENTIFIER = "com.hnqingyun.-1-sandboxTests";
				PRODUCT_NAME = "$(TARGET_NAME)";
				TEST_HOST = "$(BUILT_PRODUCTS_DIR)/01-sandbox.app/01-sandbox";
			};
			name = Release;
		};
		CCE1F81C1C2B8A4C00E17523 /* Debug */ = {
			isa = XCBuildConfiguration;
			buildSettings = {
				INFOPLIST_FILE = "01-sandboxUITests/Info.plist";
				LD_RUNPATH_SEARCH_PATHS = "$(inherited) @executable_path/Frameworks @loader_path/Frameworks";
				PRODUCT_BUNDLE_IDENTIFIER = "com.hnqingyun.-1-sandboxUITests";
				PRODUCT_NAME = "$(TARGET_NAME)";
				TEST_TARGET_NAME = "01-sandbox";
				USES_XCTRUNNER = YES;
			};
			name = Debug;
		};
		CCE1F81D1C2B8A4C00E17523 /* Release */ = {
			isa = XCBuildConfiguration;
			buildSettings = {
				INFOPLIST_FILE = "01-sandboxUITests/Info.plist";
				LD_RUNPATH_SEARCH_PATHS = "$(inherited) @executable_path/Frameworks @loader_path/Frameworks";
				PRODUCT_BUNDLE_IDENTIFIER = "com.hnqingyun.-1-sandboxUITests";
				PRODUCT_NAME = "$(TARGET_NAME)";
				TEST_TARGET_NAME = "01-sandbox";
				USES_XCTRUNNER = YES;
			};
			name = Release;
		};
/* End XCBuildConfiguration section */

/* Begin XCConfigurationList section */
		CCE1F7E31C2B8A4B00E17523 /* Build configuration list for PBXProject "01-sandbox" */ = {
			isa = XCConfigurationList;
			buildConfigurations = (
				CCE1F8131C2B8A4C00E17523 /* Debug */,
				CCE1F8141C2B8A4C00E17523 /* Release */,
			);
			defaultConfigurationIsVisible = 0;
			defaultConfigurationName = Release;
		};
		CCE1F8151C2B8A4C00E17523 /* Build configuration list for PBXNativeTarget "01-sandbox" */ = {
			isa = XCConfigurationList;
			buildConfigurations = (
				CCE1F8161C2B8A4C00E17523 /* Debug */,
				CCE1F8171C2B8A4C00E17523 /* Release */,
			);
			defaultConfigurationIsVisible = 0;
		};
		CCE1F8181C2B8A4C00E17523 /* Build configuration list for PBXNativeTarget "01-sandboxTests" */ = {
			isa = XCConfigurationList;
			buildConfigurations = (
				CCE1F8191C2B8A4C00E17523 /* Debug */,
				CCE1F81A1C2B8A4C00E17523 /* Release */,
			);
			defaultConfigurationIsVisible = 0;
		};
		CCE1F81B1C2B8A4C00E17523 /* Build configuration list for PBXNativeTarget "01-sandboxUITests" */ = {
			isa = XCConfigurationList;
			buildConfigurations = (
				CCE1F81C1C2B8A4C00E17523 /* Debug */,
				CCE1F81D1C2B8A4C00E17523 /* Release */,
			);
			defaultConfigurationIsVisible = 0;
		};
/* End XCConfigurationList section */
	};
	rootObject = CCE1F7E01C2B8A4B00E17523 /* Project object */;
}
