// !$*UTF8*$!
{
	archiveVersion = 1;
	classes = {
	};
	objectVersion = 46;
	objects = {

/* Begin PBXBuildFile section */
		CCA4F45C1C243B7800DD8308 /* main.m in Sources */ = {isa = PBXBuildFile; fileRef = CCA4F45B1C243B7800DD8308 /* main.m */; };
		CCA4F45F1C243B7800DD8308 /* AppDelegate.m in Sources */ = {isa = PBXBuildFile; fileRef = CCA4F45E1C243B7800DD8308 /* AppDelegate.m */; };
		CCA4F4621C243B7800DD8308 /* ViewController.m in Sources */ = {isa = PBXBuildFile; fileRef = CCA4F4611C243B7800DD8308 /* ViewController.m */; };
		CCA4F4651C243B7800DD8308 /* Main.storyboard in Resources */ = {isa = PBXBuildFile; fileRef = CCA4F4631C243B7800DD8308 /* Main.storyboard */; };
		CCA4F4671C243B7800DD8308 /* Assets.xcassets in Resources */ = {isa = PBXBuildFile; fileRef = CCA4F4661C243B7800DD8308 /* Assets.xcassets */; };
		CCA4F46A1C243B7800DD8308 /* LaunchScreen.storyboard in Resources */ = {isa = PBXBuildFile; fileRef = CCA4F4681C243B7800DD8308 /* LaunchScreen.storyboard */; };
		CCA4F4751C243B7800DD8308 /* NSThreadDemoTests.m in Sources */ = {isa = PBXBuildFile; fileRef = CCA4F4741C243B7800DD8308 /* NSThreadDemoTests.m */; };
/* End PBXBuildFile section */

/* Begin PBXContainerItemProxy section */
		CCA4F4711C243B7800DD8308 /* PBXContainerItemProxy */ = {
			isa = PBXContainerItemProxy;
			containerPortal = CCA4F44F1C243B7800DD8308 /* Project object */;
			proxyType = 1;
			remoteGlobalIDString = CCA4F4561C243B7800DD8308;
			remoteInfo = NSThreadDemo;
		};
/* End PBXContainerItemProxy section */

/* Begin PBXFileReference section */
		CCA4F4571C243B7800DD8308 /* NSThreadDemo.app */ = {isa = PBXFileReference; explicitFileType = wrapper.application; includeInIndex = 0; path = NSThreadDemo.app; sourceTree = BUILT_PRODUCTS_DIR; };
		CCA4F45B1C243B7800DD8308 /* main.m */ = {isa = PBXFileReference; lastKnownFileType = sourcecode.c.objc; path = main.m; sourceTree = "<group>"; };
		CCA4F45D1C243B7800DD8308 /* AppDelegate.h */ = {isa = PBXFileReference; lastKnownFileType = sourcecode.c.h; path = AppDelegate.h; sourceTree = "<group>"; };
		CCA4F45E1C243B7800DD8308 /* AppDelegate.m */ = {isa = PBXFileReference; lastKnownFileType = sourcecode.c.objc; path = AppDelegate.m; sourceTree = "<group>"; };
		CCA4F4601C243B7800DD8308 /* ViewController.h */ = {isa = PBXFileReference; lastKnownFileType = sourcecode.c.h; path = ViewController.h; sourceTree = "<group>"; };
		CCA4F4611C243B7800DD8308 /* ViewController.m */ = {isa = PBXFileReference; lastKnownFileType = sourcecode.c.objc; path = ViewController.m; sourceTree = "<group>"; };
		CCA4F4641C243B7800DD8308 /* Base */ = {isa = PBXFileReference; lastKnownFileType = file.storyboard; name = Base; path = Base.lproj/Main.storyboard; sourceTree = "<group>"; };
		CCA4F4661C243B7800DD8308 /* Assets.xcassets */ = {isa = PBXFileReference; lastKnownFileType = folder.assetcatalog; path = Assets.xcassets; sourceTree = "<group>"; };
		CCA4F4691C243B7800DD8308 /* Base */ = {isa = PBXFileReference; lastKnownFileType = file.storyboard; name = Base; path = Base.lproj/LaunchScreen.storyboard; sourceTree = "<group>"; };
		CCA4F46B1C243B7800DD8308 /* Info.plist */ = {isa = PBXFileReference; lastKnownFileType = text.plist.xml; path = Info.plist; sourceTree = "<group>"; };
		CCA4F4701C243B7800DD8308 /* NSThreadDemoTests.xctest */ = {isa = PBXFileReference; explicitFileType = wrapper.cfbundle; includeInIndex = 0; path = NSThreadDemoTests.xctest; sourceTree = BUILT_PRODUCTS_DIR; };
		CCA4F4741C243B7800DD8308 /* NSThreadDemoTests.m */ = {isa = PBXFileReference; lastKnownFileType = sourcecode.c.objc; path = NSThreadDemoTests.m; sourceTree = "<group>"; };
		CCA4F4761C243B7800DD8308 /* Info.plist */ = {isa = PBXFileReference; lastKnownFileType = text.plist.xml; path = Info.plist; sourceTree = "<group>"; };
/* End PBXFileReference section */

/* Begin PBXFrameworksBuildPhase section */
		CCA4F4541C243B7800DD8308 /* Frameworks */ = {
			isa = PBXFrameworksBuildPhase;
			buildActionMask = 2147483647;
			files = (
			);
			runOnlyForDeploymentPostprocessing = 0;
		};
		CCA4F46D1C243B7800DD8308 /* Frameworks */ = {
			isa = PBXFrameworksBuildPhase;
			buildActionMask = 2147483647;
			files = (
			);
			runOnlyForDeploymentPostprocessing = 0;
		};
/* End PBXFrameworksBuildPhase section */

/* Begin PBXGroup section */
		CCA4F44E1C243B7800DD8308 = {
			isa = PBXGroup;
			children = (
				CCA4F4591C243B7800DD8308 /* NSThreadDemo */,
				CCA4F4731C243B7800DD8308 /* NSThreadDemoTests */,
				CCA4F4581C243B7800DD8308 /* Products */,
			);
			sourceTree = "<group>";
		};
		CCA4F4581C243B7800DD8308 /* Products */ = {
			isa = PBXGroup;
			children = (
				CCA4F4571C243B7800DD8308 /* NSThreadDemo.app */,
				CCA4F4701C243B7800DD8308 /* NSThreadDemoTests.xctest */,
			);
			name = Products;
			sourceTree = "<group>";
		};
		CCA4F4591C243B7800DD8308 /* NSThreadDemo */ = {
			isa = PBXGroup;
			children = (
				CCA4F45D1C243B7800DD8308 /* AppDelegate.h */,
				CCA4F45E1C243B7800DD8308 /* AppDelegate.m */,
				CCA4F4601C243B7800DD8308 /* ViewController.h */,
				CCA4F4611C243B7800DD8308 /* ViewController.m */,
				CCA4F4631C243B7800DD8308 /* Main.storyboard */,
				CCA4F4661C243B7800DD8308 /* Assets.xcassets */,
				CCA4F4681C243B7800DD8308 /* LaunchScreen.storyboard */,
				CCA4F46B1C243B7800DD8308 /* Info.plist */,
				CCA4F45A1C243B7800DD8308 /* Supporting Files */,
			);
			path = NSThreadDemo;
			sourceTree = "<group>";
		};
		CCA4F45A1C243B7800DD8308 /* Supporting Files */ = {
			isa = PBXGroup;
			children = (
				CCA4F45B1C243B7800DD8308 /* main.m */,
			);
			name = "Supporting Files";
			sourceTree = "<group>";
		};
		CCA4F4731C243B7800DD8308 /* NSThreadDemoTests */ = {
			isa = PBXGroup;
			children = (
				CCA4F4741C243B7800DD8308 /* NSThreadDemoTests.m */,
				CCA4F4761C243B7800DD8308 /* Info.plist */,
			);
			path = NSThreadDemoTests;
			sourceTree = "<group>";
		};
/* End PBXGroup section */

/* Begin PBXNativeTarget section */
		CCA4F4561C243B7800DD8308 /* NSThreadDemo */ = {
			isa = PBXNativeTarget;
			buildConfigurationList = CCA4F4791C243B7800DD8308 /* Build configuration list for PBXNativeTarget "NSThreadDemo" */;
			buildPhases = (
				CCA4F4531C243B7800DD8308 /* Sources */,
				CCA4F4541C243B7800DD8308 /* Frameworks */,
				CCA4F4551C243B7800DD8308 /* Resources */,
			);
			buildRules = (
			);
			dependencies = (
			);
			name = NSThreadDemo;
			productName = NSThreadDemo;
			productReference = CCA4F4571C243B7800DD8308 /* NSThreadDemo.app */;
			productType = "com.apple.product-type.application";
		};
		CCA4F46F1C243B7800DD8308 /* NSThreadDemoTests */ = {
			isa = PBXNativeTarget;
			buildConfigurationList = CCA4F47C1C243B7800DD8308 /* Build configuration list for PBXNativeTarget "NSThreadDemoTests" */;
			buildPhases = (
				CCA4F46C1C243B7800DD8308 /* Sources */,
				CCA4F46D1C243B7800DD8308 /* Frameworks */,
				CCA4F46E1C243B7800DD8308 /* Resources */,
			);
			buildRules = (
			);
			dependencies = (
				CCA4F4721C243B7800DD8308 /* PBXTargetDependency */,
			);
			name = NSThreadDemoTests;
			productName = NSThreadDemoTests;
			productReference = CCA4F4701C243B7800DD8308 /* NSThreadDemoTests.xctest */;
			productType = "com.apple.product-type.bundle.unit-test";
		};
/* End PBXNativeTarget section */

/* Begin PBXProject section */
		CCA4F44F1C243B7800DD8308 /* Project object */ = {
			isa = PBXProject;
			attributes = {
				LastUpgradeCheck = 0720;
				ORGANIZATIONNAME = "河南青云信息技术有限公司";
				TargetAttributes = {
					CCA4F4561C243B7800DD8308 = {
						CreatedOnToolsVersion = 7.2;
					};
					CCA4F46F1C243B7800DD8308 = {
						CreatedOnToolsVersion = 7.2;
						TestTargetID = CCA4F4561C243B7800DD8308;
					};
				};
			};
			buildConfigurationList = CCA4F4521C243B7800DD8308 /* Build configuration list for PBXProject "NSThreadDemo" */;
			compatibilityVersion = "Xcode 3.2";
			developmentRegion = English;
			hasScannedForEncodings = 0;
			knownRegions = (
				en,
				Base,
			);
			mainGroup = CCA4F44E1C243B7800DD8308;
			productRefGroup = CCA4F4581C243B7800DD8308 /* Products */;
			projectDirPath = "";
			projectRoot = "";
			targets = (
				CCA4F4561C243B7800DD8308 /* NSThreadDemo */,
				CCA4F46F1C243B7800DD8308 /* NSThreadDemoTests */,
			);
		};
/* End PBXProject section */

/* Begin PBXResourcesBuildPhase section */
		CCA4F4551C243B7800DD8308 /* Resources */ = {
			isa = PBXResourcesBuildPhase;
			buildActionMask = 2147483647;
			files = (
				CCA4F46A1C243B7800DD8308 /* LaunchScreen.storyboard in Resources */,
				CCA4F4671C243B7800DD8308 /* Assets.xcassets in Resources */,
				CCA4F4651C243B7800DD8308 /* Main.storyboard in Resources */,
			);
			runOnlyForDeploymentPostprocessing = 0;
		};
		CCA4F46E1C243B7800DD8308 /* Resources */ = {
			isa = PBXResourcesBuildPhase;
			buildActionMask = 2147483647;
			files = (
			);
			runOnlyForDeploymentPostprocessing = 0;
		};
/* End PBXResourcesBuildPhase section */

/* Begin PBXSourcesBuildPhase section */
		CCA4F4531C243B7800DD8308 /* Sources */ = {
			isa = PBXSourcesBuildPhase;
			buildActionMask = 2147483647;
			files = (
				CCA4F4621C243B7800DD8308 /* ViewController.m in Sources */,
				CCA4F45F1C243B7800DD8308 /* AppDelegate.m in Sources */,
				CCA4F45C1C243B7800DD8308 /* main.m in Sources */,
			);
			runOnlyForDeploymentPostprocessing = 0;
		};
		CCA4F46C1C243B7800DD8308 /* Sources */ = {
			isa = PBXSourcesBuildPhase;
			buildActionMask = 2147483647;
			files = (
				CCA4F4751C243B7800DD8308 /* NSThreadDemoTests.m in Sources */,
			);
			runOnlyForDeploymentPostprocessing = 0;
		};
/* End PBXSourcesBuildPhase section */

/* Begin PBXTargetDependency section */
		CCA4F4721C243B7800DD8308 /* PBXTargetDependency */ = {
			isa = PBXTargetDependency;
			target = CCA4F4561C243B7800DD8308 /* NSThreadDemo */;
			targetProxy = CCA4F4711C243B7800DD8308 /* PBXContainerItemProxy */;
		};
/* End PBXTargetDependency section */

/* Begin PBXVariantGroup section */
		CCA4F4631C243B7800DD8308 /* Main.storyboard */ = {
			isa = PBXVariantGroup;
			children = (
				CCA4F4641C243B7800DD8308 /* Base */,
			);
			name = Main.storyboard;
			sourceTree = "<group>";
		};
		CCA4F4681C243B7800DD8308 /* LaunchScreen.storyboard */ = {
			isa = PBXVariantGroup;
			children = (
				CCA4F4691C243B7800DD8308 /* Base */,
			);
			name = LaunchScreen.storyboard;
			sourceTree = "<group>";
		};
/* End PBXVariantGroup section */

/* Begin XCBuildConfiguration section */
		CCA4F4771C243B7800DD8308 /* Debug */ = {
			isa = XCBuildConfiguration;
			buildSettings = {
				ALWAYS_SEARCH_USER_PATHS = NO;
				CLANG_CXX_LANGUAGE_STANDARD = "gnu++0x";
				CLANG_CXX_LIBRARY = "libc++";
				CLANG_ENABLE_MODULES = YES;
				CLANG_ENABLE_OBJC_ARC = YES;
				CLANG_WARN_BOOL_CONVERSION = YES;
				CLANG_WARN_CONSTANT_CONVERSION = YES;
				CLANG_WARN_DIRECT_OBJC_ISA_USAGE = YES_ERROR;
				CLANG_WARN_EMPTY_BODY = YES;
				CLANG_WARN_ENUM_CONVERSION = YES;
				CLANG_WARN_INT_CONVERSION = YES;
				CLANG_WARN_OBJC_ROOT_CLASS = YES_ERROR;
				CLANG_WARN_UNREACHABLE_CODE = YES;
				CLANG_WARN__DUPLICATE_METHOD_MATCH = YES;
				"CODE_SIGN_IDENTITY[sdk=iphoneos*]" = "iPhone Developer";
				COPY_PHASE_STRIP = NO;
				DEBUG_INFORMATION_FORMAT = dwarf;
				ENABLE_STRICT_OBJC_MSGSEND = YES;
				ENABLE_TESTABILITY = YES;
				GCC_C_LANGUAGE_STANDARD = gnu99;
				GCC_DYNAMIC_NO_PIC = NO;
				GCC_NO_COMMON_BLOCKS = YES;
				GCC_OPTIMIZATION_LEVEL = 0;
				GCC_PREPROCESSOR_DEFINITIONS = (
					"DEBUG=1",
					"$(inherited)",
				);
				GCC_WARN_64_TO_32_BIT_CONVERSION = YES;
				GCC_WARN_ABOUT_RETURN_TYPE = YES_ERROR;
				GCC_WARN_UNDECLARED_SELECTOR = YES;
				GCC_WARN_UNINITIALIZED_AUTOS = YES_AGGRESSIVE;
				GCC_WARN_UNUSED_FUNCTION = YES;
				GCC_WARN_UNUSED_VARIABLE = YES;
				IPHONEOS_DEPLOYMENT_TARGET = 9.2;
				MTL_ENABLE_DEBUG_INFO = YES;
				ONLY_ACTIVE_ARCH = YES;
				SDKROOT = iphoneos;
			};
			name = Debug;
		};
		CCA4F4781C243B7800DD8308 /* Release */ = {
			isa = XCBuildConfiguration;
			buildSettings = {
				ALWAYS_SEARCH_USER_PATHS = NO;
				CLANG_CXX_LANGUAGE_STANDARD = "gnu++0x";
				CLANG_CXX_LIBRARY = "libc++";
				CLANG_ENABLE_MODULES = YES;
				CLANG_ENABLE_OBJC_ARC = YES;
				CLANG_WARN_BOOL_CONVERSION = YES;
				CLANG_WARN_CONSTANT_CONVERSION = YES;
				CLANG_WARN_DIRECT_OBJC_ISA_USAGE = YES_ERROR;
				CLANG_WARN_EMPTY_BODY = YES;
				CLANG_WARN_ENUM_CONVERSION = YES;
				CLANG_WARN_INT_CONVERSION = YES;
				CLANG_WARN_OBJC_ROOT_CLASS = YES_ERROR;
				CLANG_WARN_UNREACHABLE_CODE = YES;
				CLANG_WARN__DUPLICATE_METHOD_MATCH = YES;
				"CODE_SIGN_IDENTITY[sdk=iphoneos*]" = "iPhone Developer";
				COPY_PHASE_STRIP = NO;
				DEBUG_INFORMATION_FORMAT = "dwarf-with-dsym";
				ENABLE_NS_ASSERTIONS = NO;
				ENABLE_STRICT_OBJC_MSGSEND = YES;
				GCC_C_LANGUAGE_STANDARD = gnu99;
				GCC_NO_COMMON_BLOCKS = YES;
				GCC_WARN_64_TO_32_BIT_CONVERSION = YES;
				GCC_WARN_ABOUT_RETURN_TYPE = YES_ERROR;
				GCC_WARN_UNDECLARED_SELECTOR = YES;
				GCC_WARN_UNINITIALIZED_AUTOS = YES_AGGRESSIVE;
				GCC_WARN_UNUSED_FUNCTION = YES;
				GCC_WARN_UNUSED_VARIABLE = YES;
				IPHONEOS_DEPLOYMENT_TARGET = 9.2;
				MTL_ENABLE_DEBUG_INFO = NO;
				SDKROOT = iphoneos;
				VALIDATE_PRODUCT = YES;
			};
			name = Release;
		};
		CCA4F47A1C243B7800DD8308 /* Debug */ = {
			isa = XCBuildConfiguration;
			buildSettings = {
				ASSETCATALOG_COMPILER_APPICON_NAME = AppIcon;
				INFOPLIST_FILE = NSThreadDemo/Info.plist;
				LD_RUNPATH_SEARCH_PATHS = "$(inherited) @executable_path/Frameworks";
				PRODUCT_BUNDLE_IDENTIFIER = com.qingyun.NSThreadDemo;
				PRODUCT_NAME = "$(TARGET_NAME)";
			};
			name = Debug;
		};
		CCA4F47B1C243B7800DD8308 /* Release */ = {
			isa = XCBuildConfiguration;
			buildSettings = {
				ASSETCATALOG_COMPILER_APPICON_NAME = AppIcon;
				INFOPLIST_FILE = NSThreadDemo/Info.plist;
				LD_RUNPATH_SEARCH_PATHS = "$(inherited) @executable_path/Frameworks";
				PRODUCT_BUNDLE_IDENTIFIER = com.qingyun.NSThreadDemo;
				PRODUCT_NAME = "$(TARGET_NAME)";
			};
			name = Release;
		};
		CCA4F47D1C243B7800DD8308 /* Debug */ = {
			isa = XCBuildConfiguration;
			buildSettings = {
				BUNDLE_LOADER = "$(TEST_HOST)";
				INFOPLIST_FILE = NSThreadDemoTests/Info.plist;
				LD_RUNPATH_SEARCH_PATHS = "$(inherited) @executable_path/Frameworks @loader_path/Frameworks";
				PRODUCT_BUNDLE_IDENTIFIER = com.qingyun.NSThreadDemoTests;
				PRODUCT_NAME = "$(TARGET_NAME)";
				TEST_HOST = "$(BUILT_PRODUCTS_DIR)/NSThreadDemo.app/NSThreadDemo";
			};
			name = Debug;
		};
		CCA4F47E1C243B7800DD8308 /* Release */ = {
			isa = XCBuildConfiguration;
			buildSettings = {
				BUNDLE_LOADER = "$(TEST_HOST)";
				INFOPLIST_FILE = NSThreadDemoTests/Info.plist;
				LD_RUNPATH_SEARCH_PATHS = "$(inherited) @executable_path/Frameworks @loader_path/Frameworks";
				PRODUCT_BUNDLE_IDENTIFIER = com.qingyun.NSThreadDemoTests;
				PRODUCT_NAME = "$(TARGET_NAME)";
				TEST_HOST = "$(BUILT_PRODUCTS_DIR)/NSThreadDemo.app/NSThreadDemo";
			};
			name = Release;
		};
/* End XCBuildConfiguration section */

/* Begin XCConfigurationList section */
		CCA4F4521C243B7800DD8308 /* Build configuration list for PBXProject "NSThreadDemo" */ = {
			isa = XCConfigurationList;
			buildConfigurations = (
				CCA4F4771C243B7800DD8308 /* Debug */,
				CCA4F4781C243B7800DD8308 /* Release */,
			);
			defaultConfigurationIsVisible = 0;
			defaultConfigurationName = Release;
		};
		CCA4F4791C243B7800DD8308 /* Build configuration list for PBXNativeTarget "NSThreadDemo" */ = {
			isa = XCConfigurationList;
			buildConfigurations = (
				CCA4F47A1C243B7800DD8308 /* Debug */,
				CCA4F47B1C243B7800DD8308 /* Release */,
			);
			defaultConfigurationIsVisible = 0;
		};
		CCA4F47C1C243B7800DD8308 /* Build configuration list for PBXNativeTarget "NSThreadDemoTests" */ = {
			isa = XCConfigurationList;
			buildConfigurations = (
				CCA4F47D1C243B7800DD8308 /* Debug */,
				CCA4F47E1C243B7800DD8308 /* Release */,
			);
			defaultConfigurationIsVisible = 0;
		};
/* End XCConfigurationList section */
	};
	rootObject = CCA4F44F1C243B7800DD8308 /* Project object */;
}
