// !$*UTF8*$!
{
	archiveVersion = 1;
	classes = {
	};
	objectVersion = 46;
	objects = {

/* Begin PBXBuildFile section */
		CC9592191C24381A00FC9111 /* QYCityInfo.m in Sources */ = {isa = PBXBuildFile; fileRef = CC9592181C24381A00FC9111 /* QYCityInfo.m */; };
		CC95921C1C243AC800FC9111 /* leaf.json in Resources */ = {isa = PBXBuildFile; fileRef = CC95921A1C243AC800FC9111 /* leaf.json */; };
		CC95921D1C243AC800FC9111 /* test.json in Resources */ = {isa = PBXBuildFile; fileRef = CC95921B1C243AC800FC9111 /* test.json */; };
		CCE35D8A1C24341600F1F562 /* main.m in Sources */ = {isa = PBXBuildFile; fileRef = CCE35D891C24341600F1F562 /* main.m */; };
		CCE35D8D1C24341600F1F562 /* AppDelegate.m in Sources */ = {isa = PBXBuildFile; fileRef = CCE35D8C1C24341600F1F562 /* AppDelegate.m */; };
		CCE35D901C24341600F1F562 /* ViewController.m in Sources */ = {isa = PBXBuildFile; fileRef = CCE35D8F1C24341600F1F562 /* ViewController.m */; };
		CCE35D931C24341600F1F562 /* Main.storyboard in Resources */ = {isa = PBXBuildFile; fileRef = CCE35D911C24341600F1F562 /* Main.storyboard */; };
		CCE35D951C24341600F1F562 /* Assets.xcassets in Resources */ = {isa = PBXBuildFile; fileRef = CCE35D941C24341600F1F562 /* Assets.xcassets */; };
		CCE35D981C24341600F1F562 /* LaunchScreen.storyboard in Resources */ = {isa = PBXBuildFile; fileRef = CCE35D961C24341600F1F562 /* LaunchScreen.storyboard */; };
		CCE35DA31C24341600F1F562 /* JSONSerializationDemoTests.m in Sources */ = {isa = PBXBuildFile; fileRef = CCE35DA21C24341600F1F562 /* JSONSerializationDemoTests.m */; };
/* End PBXBuildFile section */

/* Begin PBXContainerItemProxy section */
		CCE35D9F1C24341600F1F562 /* PBXContainerItemProxy */ = {
			isa = PBXContainerItemProxy;
			containerPortal = CCE35D7D1C24341600F1F562 /* Project object */;
			proxyType = 1;
			remoteGlobalIDString = CCE35D841C24341600F1F562;
			remoteInfo = JSONSerializationDemo;
		};
/* End PBXContainerItemProxy section */

/* Begin PBXFileReference section */
		CC9592171C24381A00FC9111 /* QYCityInfo.h */ = {isa = PBXFileReference; fileEncoding = 4; lastKnownFileType = sourcecode.c.h; path = QYCityInfo.h; sourceTree = "<group>"; };
		CC9592181C24381A00FC9111 /* QYCityInfo.m */ = {isa = PBXFileReference; fileEncoding = 4; lastKnownFileType = sourcecode.c.objc; path = QYCityInfo.m; sourceTree = "<group>"; };
		CC95921A1C243AC800FC9111 /* leaf.json */ = {isa = PBXFileReference; fileEncoding = 4; lastKnownFileType = text.json; name = leaf.json; path = "../../../../../../20151218/01-JSONSerializationDemo/01-JSONSerializationDemo/leaf.json"; sourceTree = "<group>"; };
		CC95921B1C243AC800FC9111 /* test.json */ = {isa = PBXFileReference; fileEncoding = 4; lastKnownFileType = text.json; name = test.json; path = "../../../../../../20151218/01-JSONSerializationDemo/01-JSONSerializationDemo/test.json"; sourceTree = "<group>"; };
		CCE35D851C24341600F1F562 /* JSONSerializationDemo.app */ = {isa = PBXFileReference; explicitFileType = wrapper.application; includeInIndex = 0; path = JSONSerializationDemo.app; sourceTree = BUILT_PRODUCTS_DIR; };
		CCE35D891C24341600F1F562 /* main.m */ = {isa = PBXFileReference; lastKnownFileType = sourcecode.c.objc; path = main.m; sourceTree = "<group>"; };
		CCE35D8B1C24341600F1F562 /* AppDelegate.h */ = {isa = PBXFileReference; lastKnownFileType = sourcecode.c.h; path = AppDelegate.h; sourceTree = "<group>"; };
		CCE35D8C1C24341600F1F562 /* AppDelegate.m */ = {isa = PBXFileReference; lastKnownFileType = sourcecode.c.objc; path = AppDelegate.m; sourceTree = "<group>"; };
		CCE35D8E1C24341600F1F562 /* ViewController.h */ = {isa = PBXFileReference; lastKnownFileType = sourcecode.c.h; path = ViewController.h; sourceTree = "<group>"; };
		CCE35D8F1C24341600F1F562 /* ViewController.m */ = {isa = PBXFileReference; lastKnownFileType = sourcecode.c.objc; path = ViewController.m; sourceTree = "<group>"; };
		CCE35D921C24341600F1F562 /* Base */ = {isa = PBXFileReference; lastKnownFileType = file.storyboard; name = Base; path = Base.lproj/Main.storyboard; sourceTree = "<group>"; };
		CCE35D941C24341600F1F562 /* Assets.xcassets */ = {isa = PBXFileReference; lastKnownFileType = folder.assetcatalog; path = Assets.xcassets; sourceTree = "<group>"; };
		CCE35D971C24341600F1F562 /* Base */ = {isa = PBXFileReference; lastKnownFileType = file.storyboard; name = Base; path = Base.lproj/LaunchScreen.storyboard; sourceTree = "<group>"; };
		CCE35D991C24341600F1F562 /* Info.plist */ = {isa = PBXFileReference; lastKnownFileType = text.plist.xml; path = Info.plist; sourceTree = "<group>"; };
		CCE35D9E1C24341600F1F562 /* JSONSerializationDemoTests.xctest */ = {isa = PBXFileReference; explicitFileType = wrapper.cfbundle; includeInIndex = 0; path = JSONSerializationDemoTests.xctest; sourceTree = BUILT_PRODUCTS_DIR; };
		CCE35DA21C24341600F1F562 /* JSONSerializationDemoTests.m */ = {isa = PBXFileReference; lastKnownFileType = sourcecode.c.objc; path = JSONSerializationDemoTests.m; sourceTree = "<group>"; };
		CCE35DA41C24341600F1F562 /* Info.plist */ = {isa = PBXFileReference; lastKnownFileType = text.plist.xml; path = Info.plist; sourceTree = "<group>"; };
/* End PBXFileReference section */

/* Begin PBXFrameworksBuildPhase section */
		CCE35D821C24341600F1F562 /* Frameworks */ = {
			isa = PBXFrameworksBuildPhase;
			buildActionMask = 2147483647;
			files = (
			);
			runOnlyForDeploymentPostprocessing = 0;
		};
		CCE35D9B1C24341600F1F562 /* Frameworks */ = {
			isa = PBXFrameworksBuildPhase;
			buildActionMask = 2147483647;
			files = (
			);
			runOnlyForDeploymentPostprocessing = 0;
		};
/* End PBXFrameworksBuildPhase section */

/* Begin PBXGroup section */
		CCE35D7C1C24341600F1F562 = {
			isa = PBXGroup;
			children = (
				CCE35D871C24341600F1F562 /* JSONSerializationDemo */,
				CCE35DA11C24341600F1F562 /* JSONSerializationDemoTests */,
				CCE35D861C24341600F1F562 /* Products */,
			);
			sourceTree = "<group>";
		};
		CCE35D861C24341600F1F562 /* Products */ = {
			isa = PBXGroup;
			children = (
				CCE35D851C24341600F1F562 /* JSONSerializationDemo.app */,
				CCE35D9E1C24341600F1F562 /* JSONSerializationDemoTests.xctest */,
			);
			name = Products;
			sourceTree = "<group>";
		};
		CCE35D871C24341600F1F562 /* JSONSerializationDemo */ = {
			isa = PBXGroup;
			children = (
				CCE35D8B1C24341600F1F562 /* AppDelegate.h */,
				CCE35D8C1C24341600F1F562 /* AppDelegate.m */,
				CCE35D8E1C24341600F1F562 /* ViewController.h */,
				CCE35D8F1C24341600F1F562 /* ViewController.m */,
				CC9592171C24381A00FC9111 /* QYCityInfo.h */,
				CC9592181C24381A00FC9111 /* QYCityInfo.m */,
				CCE35D911C24341600F1F562 /* Main.storyboard */,
				CCE35D941C24341600F1F562 /* Assets.xcassets */,
				CCE35D961C24341600F1F562 /* LaunchScreen.storyboard */,
				CCE35D991C24341600F1F562 /* Info.plist */,
				CC95921A1C243AC800FC9111 /* leaf.json */,
				CC95921B1C243AC800FC9111 /* test.json */,
				CCE35D881C24341600F1F562 /* Supporting Files */,
			);
			path = JSONSerializationDemo;
			sourceTree = "<group>";
		};
		CCE35D881C24341600F1F562 /* Supporting Files */ = {
			isa = PBXGroup;
			children = (
				CCE35D891C24341600F1F562 /* main.m */,
			);
			name = "Supporting Files";
			sourceTree = "<group>";
		};
		CCE35DA11C24341600F1F562 /* JSONSerializationDemoTests */ = {
			isa = PBXGroup;
			children = (
				CCE35DA21C24341600F1F562 /* JSONSerializationDemoTests.m */,
				CCE35DA41C24341600F1F562 /* Info.plist */,
			);
			path = JSONSerializationDemoTests;
			sourceTree = "<group>";
		};
/* End PBXGroup section */

/* Begin PBXNativeTarget section */
		CCE35D841C24341600F1F562 /* JSONSerializationDemo */ = {
			isa = PBXNativeTarget;
			buildConfigurationList = CCE35DA71C24341600F1F562 /* Build configuration list for PBXNativeTarget "JSONSerializationDemo" */;
			buildPhases = (
				CCE35D811C24341600F1F562 /* Sources */,
				CCE35D821C24341600F1F562 /* Frameworks */,
				CCE35D831C24341600F1F562 /* Resources */,
			);
			buildRules = (
			);
			dependencies = (
			);
			name = JSONSerializationDemo;
			productName = JSONSerializationDemo;
			productReference = CCE35D851C24341600F1F562 /* JSONSerializationDemo.app */;
			productType = "com.apple.product-type.application";
		};
		CCE35D9D1C24341600F1F562 /* JSONSerializationDemoTests */ = {
			isa = PBXNativeTarget;
			buildConfigurationList = CCE35DAA1C24341600F1F562 /* Build configuration list for PBXNativeTarget "JSONSerializationDemoTests" */;
			buildPhases = (
				CCE35D9A1C24341600F1F562 /* Sources */,
				CCE35D9B1C24341600F1F562 /* Frameworks */,
				CCE35D9C1C24341600F1F562 /* Resources */,
			);
			buildRules = (
			);
			dependencies = (
				CCE35DA01C24341600F1F562 /* PBXTargetDependency */,
			);
			name = JSONSerializationDemoTests;
			productName = JSONSerializationDemoTests;
			productReference = CCE35D9E1C24341600F1F562 /* JSONSerializationDemoTests.xctest */;
			productType = "com.apple.product-type.bundle.unit-test";
		};
/* End PBXNativeTarget section */

/* Begin PBXProject section */
		CCE35D7D1C24341600F1F562 /* Project object */ = {
			isa = PBXProject;
			attributes = {
				LastUpgradeCheck = 0720;
				ORGANIZATIONNAME = "河南青云信息技术有限公司";
				TargetAttributes = {
					CCE35D841C24341600F1F562 = {
						CreatedOnToolsVersion = 7.2;
					};
					CCE35D9D1C24341600F1F562 = {
						CreatedOnToolsVersion = 7.2;
						TestTargetID = CCE35D841C24341600F1F562;
					};
				};
			};
			buildConfigurationList = CCE35D801C24341600F1F562 /* Build configuration list for PBXProject "JSONSerializationDemo" */;
			compatibilityVersion = "Xcode 3.2";
			developmentRegion = English;
			hasScannedForEncodings = 0;
			knownRegions = (
				en,
				Base,
			);
			mainGroup = CCE35D7C1C24341600F1F562;
			productRefGroup = CCE35D861C24341600F1F562 /* Products */;
			projectDirPath = "";
			projectRoot = "";
			targets = (
				CCE35D841C24341600F1F562 /* JSONSerializationDemo */,
				CCE35D9D1C24341600F1F562 /* JSONSerializationDemoTests */,
			);
		};
/* End PBXProject section */

/* Begin PBXResourcesBuildPhase section */
		CCE35D831C24341600F1F562 /* Resources */ = {
			isa = PBXResourcesBuildPhase;
			buildActionMask = 2147483647;
			files = (
				CCE35D981C24341600F1F562 /* LaunchScreen.storyboard in Resources */,
				CC95921C1C243AC800FC9111 /* leaf.json in Resources */,
				CC95921D1C243AC800FC9111 /* test.json in Resources */,
				CCE35D951C24341600F1F562 /* Assets.xcassets in Resources */,
				CCE35D931C24341600F1F562 /* Main.storyboard in Resources */,
			);
			runOnlyForDeploymentPostprocessing = 0;
		};
		CCE35D9C1C24341600F1F562 /* Resources */ = {
			isa = PBXResourcesBuildPhase;
			buildActionMask = 2147483647;
			files = (
			);
			runOnlyForDeploymentPostprocessing = 0;
		};
/* End PBXResourcesBuildPhase section */

/* Begin PBXSourcesBuildPhase section */
		CCE35D811C24341600F1F562 /* Sources */ = {
			isa = PBXSourcesBuildPhase;
			buildActionMask = 2147483647;
			files = (
				CCE35D901C24341600F1F562 /* ViewController.m in Sources */,
				CCE35D8D1C24341600F1F562 /* AppDelegate.m in Sources */,
				CC9592191C24381A00FC9111 /* QYCityInfo.m in Sources */,
				CCE35D8A1C24341600F1F562 /* main.m in Sources */,
			);
			runOnlyForDeploymentPostprocessing = 0;
		};
		CCE35D9A1C24341600F1F562 /* Sources */ = {
			isa = PBXSourcesBuildPhase;
			buildActionMask = 2147483647;
			files = (
				CCE35DA31C24341600F1F562 /* JSONSerializationDemoTests.m in Sources */,
			);
			runOnlyForDeploymentPostprocessing = 0;
		};
/* End PBXSourcesBuildPhase section */

/* Begin PBXTargetDependency section */
		CCE35DA01C24341600F1F562 /* PBXTargetDependency */ = {
			isa = PBXTargetDependency;
			target = CCE35D841C24341600F1F562 /* JSONSerializationDemo */;
			targetProxy = CCE35D9F1C24341600F1F562 /* PBXContainerItemProxy */;
		};
/* End PBXTargetDependency section */

/* Begin PBXVariantGroup section */
		CCE35D911C24341600F1F562 /* Main.storyboard */ = {
			isa = PBXVariantGroup;
			children = (
				CCE35D921C24341600F1F562 /* Base */,
			);
			name = Main.storyboard;
			sourceTree = "<group>";
		};
		CCE35D961C24341600F1F562 /* LaunchScreen.storyboard */ = {
			isa = PBXVariantGroup;
			children = (
				CCE35D971C24341600F1F562 /* Base */,
			);
			name = LaunchScreen.storyboard;
			sourceTree = "<group>";
		};
/* End PBXVariantGroup section */

/* Begin XCBuildConfiguration section */
		CCE35DA51C24341600F1F562 /* Debug */ = {
			isa = XCBuildConfiguration;
			buildSettings = {
				ALWAYS_SEARCH_USER_PATHS = NO;
				CLANG_CXX_LANGUAGE_STANDARD = "gnu++0x";
				CLANG_CXX_LIBRARY = "libc++";
				CLANG_ENABLE_MODULES = YES;
				CLANG_ENABLE_OBJC_ARC = YES;
				CLANG_WARN_BOOL_CONVERSION = YES;
				CLANG_WARN_CONSTANT_CONVERSION = YES;
				CLANG_WARN_DIRECT_OBJC_ISA_USAGE = YES_ERROR;
				CLANG_WARN_EMPTY_BODY = YES;
				CLANG_WARN_ENUM_CONVERSION = YES;
				CLANG_WARN_INT_CONVERSION = YES;
				CLANG_WARN_OBJC_ROOT_CLASS = YES_ERROR;
				CLANG_WARN_UNREACHABLE_CODE = YES;
				CLANG_WARN__DUPLICATE_METHOD_MATCH = YES;
				"CODE_SIGN_IDENTITY[sdk=iphoneos*]" = "iPhone Developer";
				COPY_PHASE_STRIP = NO;
				DEBUG_INFORMATION_FORMAT = dwarf;
				ENABLE_STRICT_OBJC_MSGSEND = YES;
				ENABLE_TESTABILITY = YES;
				GCC_C_LANGUAGE_STANDARD = gnu99;
				GCC_DYNAMIC_NO_PIC = NO;
				GCC_NO_COMMON_BLOCKS = YES;
				GCC_OPTIMIZATION_LEVEL = 0;
				GCC_PREPROCESSOR_DEFINITIONS = (
					"DEBUG=1",
					"$(inherited)",
				);
				GCC_WARN_64_TO_32_BIT_CONVERSION = YES;
				GCC_WARN_ABOUT_RETURN_TYPE = YES_ERROR;
				GCC_WARN_UNDECLARED_SELECTOR = YES;
				GCC_WARN_UNINITIALIZED_AUTOS = YES_AGGRESSIVE;
				GCC_WARN_UNUSED_FUNCTION = YES;
				GCC_WARN_UNUSED_VARIABLE = YES;
				IPHONEOS_DEPLOYMENT_TARGET = 9.2;
				MTL_ENABLE_DEBUG_INFO = YES;
				ONLY_ACTIVE_ARCH = YES;
				SDKROOT = iphoneos;
			};
			name = Debug;
		};
		CCE35DA61C24341600F1F562 /* Release */ = {
			isa = XCBuildConfiguration;
			buildSettings = {
				ALWAYS_SEARCH_USER_PATHS = NO;
				CLANG_CXX_LANGUAGE_STANDARD = "gnu++0x";
				CLANG_CXX_LIBRARY = "libc++";
				CLANG_ENABLE_MODULES = YES;
				CLANG_ENABLE_OBJC_ARC = YES;
				CLANG_WARN_BOOL_CONVERSION = YES;
				CLANG_WARN_CONSTANT_CONVERSION = YES;
				CLANG_WARN_DIRECT_OBJC_ISA_USAGE = YES_ERROR;
				CLANG_WARN_EMPTY_BODY = YES;
				CLANG_WARN_ENUM_CONVERSION = YES;
				CLANG_WARN_INT_CONVERSION = YES;
				CLANG_WARN_OBJC_ROOT_CLASS = YES_ERROR;
				CLANG_WARN_UNREACHABLE_CODE = YES;
				CLANG_WARN__DUPLICATE_METHOD_MATCH = YES;
				"CODE_SIGN_IDENTITY[sdk=iphoneos*]" = "iPhone Developer";
				COPY_PHASE_STRIP = NO;
				DEBUG_INFORMATION_FORMAT = "dwarf-with-dsym";
				ENABLE_NS_ASSERTIONS = NO;
				ENABLE_STRICT_OBJC_MSGSEND = YES;
				GCC_C_LANGUAGE_STANDARD = gnu99;
				GCC_NO_COMMON_BLOCKS = YES;
				GCC_WARN_64_TO_32_BIT_CONVERSION = YES;
				GCC_WARN_ABOUT_RETURN_TYPE = YES_ERROR;
				GCC_WARN_UNDECLARED_SELECTOR = YES;
				GCC_WARN_UNINITIALIZED_AUTOS = YES_AGGRESSIVE;
				GCC_WARN_UNUSED_FUNCTION = YES;
				GCC_WARN_UNUSED_VARIABLE = YES;
				IPHONEOS_DEPLOYMENT_TARGET = 9.2;
				MTL_ENABLE_DEBUG_INFO = NO;
				SDKROOT = iphoneos;
				VALIDATE_PRODUCT = YES;
			};
			name = Release;
		};
		CCE35DA81C24341600F1F562 /* Debug */ = {
			isa = XCBuildConfiguration;
			buildSettings = {
				ASSETCATALOG_COMPILER_APPICON_NAME = AppIcon;
				INFOPLIST_FILE = JSONSerializationDemo/Info.plist;
				LD_RUNPATH_SEARCH_PATHS = "$(inherited) @executable_path/Frameworks";
				PRODUCT_BUNDLE_IDENTIFIER = com.qingyun.JSONSerializationDemo;
				PRODUCT_NAME = "$(TARGET_NAME)";
			};
			name = Debug;
		};
		CCE35DA91C24341600F1F562 /* Release */ = {
			isa = XCBuildConfiguration;
			buildSettings = {
				ASSETCATALOG_COMPILER_APPICON_NAME = AppIcon;
				INFOPLIST_FILE = JSONSerializationDemo/Info.plist;
				LD_RUNPATH_SEARCH_PATHS = "$(inherited) @executable_path/Frameworks";
				PRODUCT_BUNDLE_IDENTIFIER = com.qingyun.JSONSerializationDemo;
				PRODUCT_NAME = "$(TARGET_NAME)";
			};
			name = Release;
		};
		CCE35DAB1C24341600F1F562 /* Debug */ = {
			isa = XCBuildConfiguration;
			buildSettings = {
				BUNDLE_LOADER = "$(TEST_HOST)";
				INFOPLIST_FILE = JSONSerializationDemoTests/Info.plist;
				LD_RUNPATH_SEARCH_PATHS = "$(inherited) @executable_path/Frameworks @loader_path/Frameworks";
				PRODUCT_BUNDLE_IDENTIFIER = com.qingyun.JSONSerializationDemoTests;
				PRODUCT_NAME = "$(TARGET_NAME)";
				TEST_HOST = "$(BUILT_PRODUCTS_DIR)/JSONSerializationDemo.app/JSONSerializationDemo";
			};
			name = Debug;
		};
		CCE35DAC1C24341600F1F562 /* Release */ = {
			isa = XCBuildConfiguration;
			buildSettings = {
				BUNDLE_LOADER = "$(TEST_HOST)";
				INFOPLIST_FILE = JSONSerializationDemoTests/Info.plist;
				LD_RUNPATH_SEARCH_PATHS = "$(inherited) @executable_path/Frameworks @loader_path/Frameworks";
				PRODUCT_BUNDLE_IDENTIFIER = com.qingyun.JSONSerializationDemoTests;
				PRODUCT_NAME = "$(TARGET_NAME)";
				TEST_HOST = "$(BUILT_PRODUCTS_DIR)/JSONSerializationDemo.app/JSONSerializationDemo";
			};
			name = Release;
		};
/* End XCBuildConfiguration section */

/* Begin XCConfigurationList section */
		CCE35D801C24341600F1F562 /* Build configuration list for PBXProject "JSONSerializationDemo" */ = {
			isa = XCConfigurationList;
			buildConfigurations = (
				CCE35DA51C24341600F1F562 /* Debug */,
				CCE35DA61C24341600F1F562 /* Release */,
			);
			defaultConfigurationIsVisible = 0;
			defaultConfigurationName = Release;
		};
		CCE35DA71C24341600F1F562 /* Build configuration list for PBXNativeTarget "JSONSerializationDemo" */ = {
			isa = XCConfigurationList;
			buildConfigurations = (
				CCE35DA81C24341600F1F562 /* Debug */,
				CCE35DA91C24341600F1F562 /* Release */,
			);
			defaultConfigurationIsVisible = 0;
			defaultConfigurationName = Release;
		};
		CCE35DAA1C24341600F1F562 /* Build configuration list for PBXNativeTarget "JSONSerializationDemoTests" */ = {
			isa = XCConfigurationList;
			buildConfigurations = (
				CCE35DAB1C24341600F1F562 /* Debug */,
				CCE35DAC1C24341600F1F562 /* Release */,
			);
			defaultConfigurationIsVisible = 0;
			defaultConfigurationName = Release;
		};
/* End XCConfigurationList section */
	};
	rootObject = CCE35D7D1C24341600F1F562 /* Project object */;
}
